// !$*UTF8*$!
{
	archiveVersion = 1;
	classes = {
	};
	objectVersion = 48;
	objects = {

/* Begin PBXBuildFile section */
		8BACDD4F1FA381910068730A /* AppDelegate.swift in Sources */ = {isa = PBXBuildFile; fileRef = 8BACDD4E1FA381910068730A /* AppDelegate.swift */; };
		8BACDD511FA381910068730A /* GameScene.sks in Resources */ = {isa = PBXBuildFile; fileRef = 8BACDD501FA381910068730A /* GameScene.sks */; };
		8BACDD551FA381910068730A /* GameScene.swift in Sources */ = {isa = PBXBuildFile; fileRef = 8BACDD541FA381910068730A /* GameScene.swift */; };
		8BACDD571FA381910068730A /* GameViewController.swift in Sources */ = {isa = PBXBuildFile; fileRef = 8BACDD561FA381910068730A /* GameViewController.swift */; };
		8BACDD5A1FA381910068730A /* Main.storyboard in Resources */ = {isa = PBXBuildFile; fileRef = 8BACDD581FA381910068730A /* Main.storyboard */; };
		8BACDD5C1FA381910068730A /* Assets.xcassets in Resources */ = {isa = PBXBuildFile; fileRef = 8BACDD5B1FA381910068730A /* Assets.xcassets */; };
		8BACDD5F1FA381910068730A /* LaunchScreen.storyboard in Resources */ = {isa = PBXBuildFile; fileRef = 8BACDD5D1FA381910068730A /* LaunchScreen.storyboard */; };
		8BACDD671FA382F40068730A /* StartViewController.swift in Sources */ = {isa = PBXBuildFile; fileRef = 8BACDD661FA382F40068730A /* StartViewController.swift */; };
		8BC720921FA3970C00282320 /* CoreMotion.framework in Frameworks */ = {isa = PBXBuildFile; fileRef = 8BC720911FA3970300282320 /* CoreMotion.framework */; };
		8BD37A991FA52ED0002625F0 /* ball.png in Resources */ = {isa = PBXBuildFile; fileRef = 8BD37A971FA52ED0002625F0 /* ball.png */; };
		8BD37A9A1FA52ED0002625F0 /* footfield.jpg in Resources */ = {isa = PBXBuildFile; fileRef = 8BD37A981FA52ED0002625F0 /* footfield.jpg */; };
		8BD37A9C1FA52F44002625F0 /* footfieldpng.png in Resources */ = {isa = PBXBuildFile; fileRef = 8BD37A9B1FA52F43002625F0 /* footfieldpng.png */; };
		8BF24A8D1FA3A6AB00102CB0 /* Extension.swift in Sources */ = {isa = PBXBuildFile; fileRef = 8BF24A8C1FA3A6AB00102CB0 /* Extension.swift */; };
/* End PBXBuildFile section */

/* Begin PBXFileReference section */
		8BACDD4B1FA381900068730A /* Laby.app */ = {isa = PBXFileReference; explicitFileType = wrapper.application; includeInIndex = 0; path = Laby.app; sourceTree = BUILT_PRODUCTS_DIR; };
		8BACDD4E1FA381910068730A /* AppDelegate.swift */ = {isa = PBXFileReference; lastKnownFileType = sourcecode.swift; path = AppDelegate.swift; sourceTree = "<group>"; };
		8BACDD501FA381910068730A /* GameScene.sks */ = {isa = PBXFileReference; lastKnownFileType = file.sks; path = GameScene.sks; sourceTree = "<group>"; };
		8BACDD541FA381910068730A /* GameScene.swift */ = {isa = PBXFileReference; lastKnownFileType = sourcecode.swift; path = GameScene.swift; sourceTree = "<group>"; };
		8BACDD561FA381910068730A /* GameViewController.swift */ = {isa = PBXFileReference; lastKnownFileType = sourcecode.swift; path = GameViewController.swift; sourceTree = "<group>"; };
		8BACDD591FA381910068730A /* Base */ = {isa = PBXFileReference; lastKnownFileType = file.storyboard; name = Base; path = Base.lproj/Main.storyboard; sourceTree = "<group>"; };
		8BACDD5B1FA381910068730A /* Assets.xcassets */ = {isa = PBXFileReference; lastKnownFileType = folder.assetcatalog; path = Assets.xcassets; sourceTree = "<group>"; };
		8BACDD5E1FA381910068730A /* Base */ = {isa = PBXFileReference; lastKnownFileType = file.storyboard; name = Base; path = Base.lproj/LaunchScreen.storyboard; sourceTree = "<group>"; };
		8BACDD601FA381910068730A /* Info.plist */ = {isa = PBXFileReference; lastKnownFileType = text.plist.xml; path = Info.plist; sourceTree = "<group>"; };
		8BACDD661FA382F40068730A /* StartViewController.swift */ = {isa = PBXFileReference; lastKnownFileType = sourcecode.swift; path = StartViewController.swift; sourceTree = "<group>"; };
		8BC720911FA3970300282320 /* CoreMotion.framework */ = {isa = PBXFileReference; lastKnownFileType = wrapper.framework; name = CoreMotion.framework; path = System/Library/Frameworks/CoreMotion.framework; sourceTree = SDKROOT; };
		8BD37A971FA52ED0002625F0 /* ball.png */ = {isa = PBXFileReference; lastKnownFileType = image.png; path = ball.png; sourceTree = "<group>"; };
		8BD37A981FA52ED0002625F0 /* footfield.jpg */ = {isa = PBXFileReference; lastKnownFileType = image.jpeg; path = footfield.jpg; sourceTree = "<group>"; };
		8BD37A9B1FA52F43002625F0 /* footfieldpng.png */ = {isa = PBXFileReference; lastKnownFileType = image.png; path = footfieldpng.png; sourceTree = "<group>"; };
		8BF24A8C1FA3A6AB00102CB0 /* Extension.swift */ = {isa = PBXFileReference; lastKnownFileType = sourcecode.swift; path = Extension.swift; sourceTree = "<group>"; };
/* End PBXFileReference section */

/* Begin PBXFrameworksBuildPhase section */
		8BACDD481FA381900068730A /* Frameworks */ = {
			isa = PBXFrameworksBuildPhase;
			buildActionMask = 2147483647;
			files = (
				8BC720921FA3970C00282320 /* CoreMotion.framework in Frameworks */,
			);
			runOnlyForDeploymentPostprocessing = 0;
		};
/* End PBXFrameworksBuildPhase section */

/* Begin PBXGroup section */
		8BACDD421FA381900068730A = {
			isa = PBXGroup;
			children = (
				8BACDD4D1FA381900068730A /* Laby */,
				8BACDD4C1FA381900068730A /* Products */,
				8BC720901FA3970300282320 /* Frameworks */,
			);
			sourceTree = "<group>";
		};
		8BACDD4C1FA381900068730A /* Products */ = {
			isa = PBXGroup;
			children = (
				8BACDD4B1FA381900068730A /* Laby.app */,
			);
			name = Products;
			sourceTree = "<group>";
		};
		8BACDD4D1FA381900068730A /* Laby */ = {
			isa = PBXGroup;
			children = (
				8BD37A961FA52CEC002625F0 /* texture */,
				8BACDD4E1FA381910068730A /* AppDelegate.swift */,
				8BACDD501FA381910068730A /* GameScene.sks */,
				8BACDD541FA381910068730A /* GameScene.swift */,
				8BF24A8C1FA3A6AB00102CB0 /* Extension.swift */,
				8BACDD561FA381910068730A /* GameViewController.swift */,
				8BACDD661FA382F40068730A /* StartViewController.swift */,
				8BACDD581FA381910068730A /* Main.storyboard */,
				8BACDD5B1FA381910068730A /* Assets.xcassets */,
				8BACDD5D1FA381910068730A /* LaunchScreen.storyboard */,
				8BACDD601FA381910068730A /* Info.plist */,
			);
			path = Laby;
			sourceTree = "<group>";
		};
		8BC720901FA3970300282320 /* Frameworks */ = {
			isa = PBXGroup;
			children = (
				8BC720911FA3970300282320 /* CoreMotion.framework */,
			);
			name = Frameworks;
			sourceTree = "<group>";
		};
		8BD37A961FA52CEC002625F0 /* texture */ = {
			isa = PBXGroup;
			children = (
				8BD37A971FA52ED0002625F0 /* ball.png */,
				8BD37A981FA52ED0002625F0 /* footfield.jpg */,
				8BD37A9B1FA52F43002625F0 /* footfieldpng.png */,
			);
			path = texture;
			sourceTree = "<group>";
		};
/* End PBXGroup section */

/* Begin PBXNativeTarget section */
		8BACDD4A1FA381900068730A /* Laby */ = {
			isa = PBXNativeTarget;
			buildConfigurationList = 8BACDD631FA381910068730A /* Build configuration list for PBXNativeTarget "Laby" */;
			buildPhases = (
				8BACDD471FA381900068730A /* Sources */,
				8BACDD481FA381900068730A /* Frameworks */,
				8BACDD491FA381900068730A /* Resources */,
			);
			buildRules = (
			);
			dependencies = (
			);
			name = Laby;
			productName = Laby;
			productReference = 8BACDD4B1FA381900068730A /* Laby.app */;
			productType = "com.apple.product-type.application";
		};
/* End PBXNativeTarget section */

/* Begin PBXProject section */
		8BACDD431FA381900068730A /* Project object */ = {
			isa = PBXProject;
			attributes = {
				LastSwiftUpdateCheck = 0900;
				LastUpgradeCheck = 0900;
				ORGANIZATIONNAME = SoniWeb;
				TargetAttributes = {
					8BACDD4A1FA381900068730A = {
						CreatedOnToolsVersion = 9.0.1;
						ProvisioningStyle = Automatic;
					};
				};
			};
			buildConfigurationList = 8BACDD461FA381900068730A /* Build configuration list for PBXProject "Laby" */;
			compatibilityVersion = "Xcode 8.0";
			developmentRegion = en;
			hasScannedForEncodings = 0;
			knownRegions = (
				en,
				Base,
			);
			mainGroup = 8BACDD421FA381900068730A;
			productRefGroup = 8BACDD4C1FA381900068730A /* Products */;
			projectDirPath = "";
			projectRoot = "";
			targets = (
				8BACDD4A1FA381900068730A /* Laby */,
			);
		};
/* End PBXProject section */

/* Begin PBXResourcesBuildPhase section */
		8BACDD491FA381900068730A /* Resources */ = {
			isa = PBXResourcesBuildPhase;
			buildActionMask = 2147483647;
			files = (
				8BD37A9C1FA52F44002625F0 /* footfieldpng.png in Resources */,
				8BD37A9A1FA52ED0002625F0 /* footfield.jpg in Resources */,
				8BACDD5A1FA381910068730A /* Main.storyboard in Resources */,
				8BD37A991FA52ED0002625F0 /* ball.png in Resources */,
				8BACDD511FA381910068730A /* GameScene.sks in Resources */,
				8BACDD5C1FA381910068730A /* Assets.xcassets in Resources */,
				8BACDD5F1FA381910068730A /* LaunchScreen.storyboard in Resources */,
			);
			runOnlyForDeploymentPostprocessing = 0;
		};
/* End PBXResourcesBuildPhase section */

/* Begin PBXSourcesBuildPhase section */
		8BACDD471FA381900068730A /* Sources */ = {
			isa = PBXSourcesBuildPhase;
			buildActionMask = 2147483647;
			files = (
				8BF24A8D1FA3A6AB00102CB0 /* Extension.swift in Sources */,
				8BACDD551FA381910068730A /* GameScene.swift in Sources */,
				8BACDD671FA382F40068730A /* StartViewController.swift in Sources */,
				8BACDD571FA381910068730A /* GameViewController.swift in Sources */,
				8BACDD4F1FA381910068730A /* AppDelegate.swift in Sources */,
			);
			runOnlyForDeploymentPostprocessing = 0;
		};
/* End PBXSourcesBuildPhase section */

/* Begin PBXVariantGroup section */
		8BACDD581FA381910068730A /* Main.storyboard */ = {
			isa = PBXVariantGroup;
			children = (
				8BACDD591FA381910068730A /* Base */,
			);
			name = Main.storyboard;
			sourceTree = "<group>";
		};
		8BACDD5D1FA381910068730A /* LaunchScreen.storyboard */ = {
			isa = PBXVariantGroup;
			children = (
				8BACDD5E1FA381910068730A /* Base */,
			);
			name = LaunchScreen.storyboard;
			sourceTree = "<group>";
		};
/* End PBXVariantGroup section */

/* Begin XCBuildConfiguration section */
		8BACDD611FA381910068730A /* Debug */ = {
			isa = XCBuildConfiguration;
			buildSettings = {
				ALWAYS_SEARCH_USER_PATHS = NO;
				CLANG_ANALYZER_NONNULL = YES;
				CLANG_ANALYZER_NUMBER_OBJECT_CONVERSION = YES_AGGRESSIVE;
				CLANG_CXX_LANGUAGE_STANDARD = "gnu++14";
				CLANG_CXX_LIBRARY = "libc++";
				CLANG_ENABLE_MODULES = YES;
				CLANG_ENABLE_OBJC_ARC = YES;
				CLANG_WARN_BLOCK_CAPTURE_AUTORELEASING = YES;
				CLANG_WARN_BOOL_CONVERSION = YES;
				CLANG_WARN_COMMA = YES;
				CLANG_WARN_CONSTANT_CONVERSION = YES;
				CLANG_WARN_DIRECT_OBJC_ISA_USAGE = YES_ERROR;
				CLANG_WARN_DOCUMENTATION_COMMENTS = YES;
				CLANG_WARN_EMPTY_BODY = YES;
				CLANG_WARN_ENUM_CONVERSION = YES;
				CLANG_WARN_INFINITE_RECURSION = YES;
				CLANG_WARN_INT_CONVERSION = YES;
				CLANG_WARN_NON_LITERAL_NULL_CONVERSION = YES;
				CLANG_WARN_OBJC_LITERAL_CONVERSION = YES;
				CLANG_WARN_OBJC_ROOT_CLASS = YES_ERROR;
				CLANG_WARN_RANGE_LOOP_ANALYSIS = YES;
				CLANG_WARN_STRICT_PROTOTYPES = YES;
				CLANG_WARN_SUSPICIOUS_MOVE = YES;
				CLANG_WARN_UNGUARDED_AVAILABILITY = YES_AGGRESSIVE;
				CLANG_WARN_UNREACHABLE_CODE = YES;
				CLANG_WARN__DUPLICATE_METHOD_MATCH = YES;
				CODE_SIGN_IDENTITY = "iPhone Developer";
				COPY_PHASE_STRIP = NO;
				DEBUG_INFORMATION_FORMAT = dwarf;
				ENABLE_STRICT_OBJC_MSGSEND = YES;
				ENABLE_TESTABILITY = YES;
				GCC_C_LANGUAGE_STANDARD = gnu11;
				GCC_DYNAMIC_NO_PIC = NO;
				GCC_NO_COMMON_BLOCKS = YES;
				GCC_OPTIMIZATION_LEVEL = 0;
				GCC_PREPROCESSOR_DEFINITIONS = (
					"DEBUG=1",
					"$(inherited)",
				);
				GCC_WARN_64_TO_32_BIT_CONVERSION = YES;
				GCC_WARN_ABOUT_RETURN_TYPE = YES_ERROR;
				GCC_WARN_UNDECLARED_SELECTOR = YES;
				GCC_WARN_UNINITIALIZED_AUTOS = YES_AGGRESSIVE;
				GCC_WARN_UNUSED_FUNCTION = YES;
				GCC_WARN_UNUSED_VARIABLE = YES;
				IPHONEOS_DEPLOYMENT_TARGET = 11.0;
				MTL_ENABLE_DEBUG_INFO = YES;
				ONLY_ACTIVE_ARCH = YES;
				SDKROOT = iphoneos;
				SWIFT_ACTIVE_COMPILATION_CONDITIONS = DEBUG;
				SWIFT_OPTIMIZATION_LEVEL = "-Onone";
			};
			name = Debug;
		};
		8BACDD621FA381910068730A /* Release */ = {
			isa = XCBuildConfiguration;
			buildSettings = {
				ALWAYS_SEARCH_USER_PATHS = NO;
				CLANG_ANALYZER_NONNULL = YES;
				CLANG_ANALYZER_NUMBER_OBJECT_CONVERSION = YES_AGGRESSIVE;
				CLANG_CXX_LANGUAGE_STANDARD = "gnu++14";
				CLANG_CXX_LIBRARY = "libc++";
				CLANG_ENABLE_MODULES = YES;
				CLANG_ENABLE_OBJC_ARC = YES;
				CLANG_WARN_BLOCK_CAPTURE_AUTORELEASING = YES;
				CLANG_WARN_BOOL_CONVERSION = YES;
				CLANG_WARN_COMMA = YES;
				CLANG_WARN_CONSTANT_CONVERSION = YES;
				CLANG_WARN_DIRECT_OBJC_ISA_USAGE = YES_ERROR;
				CLANG_WARN_DOCUMENTATION_COMMENTS = YES;
				CLANG_WARN_EMPTY_BODY = YES;
				CLANG_WARN_ENUM_CONVERSION = YES;
				CLANG_WARN_INFINITE_RECURSION = YES;
				CLANG_WARN_INT_CONVERSION = YES;
				CLANG_WARN_NON_LITERAL_NULL_CONVERSION = YES;
				CLANG_WARN_OBJC_LITERAL_CONVERSION = YES;
				CLANG_WARN_OBJC_ROOT_CLASS = YES_ERROR;
				CLANG_WARN_RANGE_LOOP_ANALYSIS = YES;
				CLANG_WARN_STRICT_PROTOTYPES = YES;
				CLANG_WARN_SUSPICIOUS_MOVE = YES;
				CLANG_WARN_UNGUARDED_AVAILABILITY = YES_AGGRESSIVE;
				CLANG_WARN_UNREACHABLE_CODE = YES;
				CLANG_WARN__DUPLICATE_METHOD_MATCH = YES;
				CODE_SIGN_IDENTITY = "iPhone Developer";
				COPY_PHASE_STRIP = NO;
				DEBUG_INFORMATION_FORMAT = "dwarf-with-dsym";
				ENABLE_NS_ASSERTIONS = NO;
				ENABLE_STRICT_OBJC_MSGSEND = YES;
				GCC_C_LANGUAGE_STANDARD = gnu11;
				GCC_NO_COMMON_BLOCKS = YES;
				GCC_WARN_64_TO_32_BIT_CONVERSION = YES;
				GCC_WARN_ABOUT_RETURN_TYPE = YES_ERROR;
				GCC_WARN_UNDECLARED_SELECTOR = YES;
				GCC_WARN_UNINITIALIZED_AUTOS = YES_AGGRESSIVE;
				GCC_WARN_UNUSED_FUNCTION = YES;
				GCC_WARN_UNUSED_VARIABLE = YES;
				IPHONEOS_DEPLOYMENT_TARGET = 11.0;
				MTL_ENABLE_DEBUG_INFO = NO;
				SDKROOT = iphoneos;
				SWIFT_OPTIMIZATION_LEVEL = "-Owholemodule";
				VALIDATE_PRODUCT = YES;
			};
			name = Release;
		};
		8BACDD641FA381910068730A /* Debug */ = {
			isa = XCBuildConfiguration;
			buildSettings = {
				ASSETCATALOG_COMPILER_APPICON_NAME = AppIcon;
				CODE_SIGN_STYLE = Automatic;
				DEVELOPMENT_TEAM = 2SYMV5G8NJ;
				INFOPLIST_FILE = Laby/Info.plist;
				LD_RUNPATH_SEARCH_PATHS = "$(inherited) @executable_path/Frameworks";
				PRODUCT_BUNDLE_IDENTIFIER = sw.Laby;
				PRODUCT_NAME = "$(TARGET_NAME)";
				SWIFT_VERSION = 4.0;
				TARGETED_DEVICE_FAMILY = "1,2";
			};
			name = Debug;
		};
		8BACDD651FA381910068730A /* Release */ = {
			isa = XCBuildConfiguration;
			buildSettings = {
				ASSETCATALOG_COMPILER_APPICON_NAME = AppIcon;
				CODE_SIGN_STYLE = Automatic;
				DEVELOPMENT_TEAM = 2SYMV5G8NJ;
				INFOPLIST_FILE = Laby/Info.plist;
				LD_RUNPATH_SEARCH_PATHS = "$(inherited) @executable_path/Frameworks";
				PRODUCT_BUNDLE_IDENTIFIER = sw.Laby;
				PRODUCT_NAME = "$(TARGET_NAME)";
				SWIFT_VERSION = 4.0;
				TARGETED_DEVICE_FAMILY = "1,2";
			};
			name = Release;
		};
/* End XCBuildConfiguration section */

/* Begin XCConfigurationList section */
		8BACDD461FA381900068730A /* Build configuration list for PBXProject "Laby" */ = {
			isa = XCConfigurationList;
			buildConfigurations = (
				8BACDD611FA381910068730A /* Debug */,
				8BACDD621FA381910068730A /* Release */,
			);
			defaultConfigurationIsVisible = 0;
			defaultConfigurationName = Release;
		};
		8BACDD631FA381910068730A /* Build configuration list for PBXNativeTarget "Laby" */ = {
			isa = XCConfigurationList;
			buildConfigurations = (
				8BACDD641FA381910068730A /* Debug */,
				8BACDD651FA381910068730A /* Release */,
			);
			defaultConfigurationIsVisible = 0;
			defaultConfigurationName = Release;
		};
/* End XCConfigurationList section */
	};
	rootObject = 8BACDD431FA381900068730A /* Project object */;
}
